
Microsoft Visual Studio Solution File, Format Version 12.00
# Visual Studio 15
VisualStudioVersion = 15.0.28307.757
MinimumVisualStudioVersion = 10.0.40219.1
Project("{FAE04EC0-301F-11D3-BF4B-00C04F79EFBC}") = "EBookDat", "EBookDat\EBookDat.csproj", "{4DF53FA3-582E-4754-8934-494A5F46CA1D}"
EndProject
Project("{FAE04EC0-301F-11D3-BF4B-00C04F79EFBC}") = "WcfBookServiceLibrary", "WcfBookServiceLibrary\WcfBookServiceLibrary.csproj", "{FC9E3527-2DC1-4360-A55B-E42315BF46CE}"
EndProject
Project("{FAE04EC0-301F-11D3-BF4B-00C04F79EFBC}") = "AuthExceptionLibrary", "AuthExceptionLibrary\AuthExceptionLibrary.csproj", "{A523A82F-9C69-46D8-BDAF-EBF2C002CBF0}"
EndProject
Global
	GlobalSection(SolutionConfigurationPlatforms) = preSolution
		Debug|Any CPU = Debug|Any CPU
		Debug|ARM = Debug|ARM
		Debug|ARM64 = Debug|ARM64
		Debug|x64 = Debug|x64
		Debug|x86 = Debug|x86
		Release|Any CPU = Release|Any CPU
		Release|ARM = Release|ARM
		Release|ARM64 = Release|ARM64
		Release|x64 = Release|x64
		Release|x86 = Release|x86
	EndGlobalSection
	GlobalSection(ProjectConfigurationPlatforms) = postSolution
		{4DF53FA3-582E-4754-8934-494A5F46CA1D}.Debug|Any CPU.ActiveCfg = Debug|Any CPU
		{4DF53FA3-582E-4754-8934-494A5F46CA1D}.Debug|Any CPU.Build.0 = Debug|Any CPU
		{4DF53FA3-582E-4754-8934-494A5F46CA1D}.Debug|ARM.ActiveCfg = Debug|Any CPU
		{4DF53FA3-582E-4754-8934-494A5F46CA1D}.Debug|ARM.Build.0 = Debug|Any CPU
		{4DF53FA3-582E-4754-8934-494A5F46CA1D}.Debug|ARM64.ActiveCfg = Debug|Any CPU
		{4DF53FA3-582E-4754-8934-494A5F46CA1D}.Debug|ARM64.Build.0 = Debug|Any CPU
		{4DF53FA3-582E-4754-8934-494A5F46CA1D}.Debug|x64.ActiveCfg = Debug|Any CPU
		{4DF53FA3-582E-4754-8934-494A5F46CA1D}.Debug|x64.Build.0 = Debug|Any CPU
		{4DF53FA3-582E-4754-8934-494A5F46CA1D}.Debug|x86.ActiveCfg = Debug|Any CPU
		{4DF53FA3-582E-4754-8934-494A5F46CA1D}.Debug|x86.Build.0 = Debug|Any CPU
		{4DF53FA3-582E-4754-8934-494A5F46CA1D}.Release|Any CPU.ActiveCfg = Release|Any CPU
		{4DF53FA3-582E-4754-8934-494A5F46CA1D}.Release|Any CPU.Build.0 = Release|Any CPU
		{4DF53FA3-582E-4754-8934-494A5F46CA1D}.Release|ARM.ActiveCfg = Release|Any CPU
		{4DF53FA3-582E-4754-8934-494A5F46CA1D}.Release|ARM.Build.0 = Release|Any CPU
		{4DF53FA3-582E-4754-8934-494A5F46CA1D}.Release|ARM64.ActiveCfg = Release|Any CPU
		{4DF53FA3-582E-4754-8934-494A5F46CA1D}.Release|ARM64.Build.0 = Release|Any CPU
		{4DF53FA3-582E-4754-8934-494A5F46CA1D}.Release|x64.ActiveCfg = Release|Any CPU
		{4DF53FA3-582E-4754-8934-494A5F46CA1D}.Release|x64.Build.0 = Release|Any CPU
		{4DF53FA3-582E-4754-8934-494A5F46CA1D}.Release|x86.ActiveCfg = Release|Any CPU
		{4DF53FA3-582E-4754-8934-494A5F46CA1D}.Release|x86.Build.0 = Release|Any CPU
		{FC9E3527-2DC1-4360-A55B-E42315BF46CE}.Debug|Any CPU.ActiveCfg = Debug|Any CPU
		{FC9E3527-2DC1-4360-A55B-E42315BF46CE}.Debug|Any CPU.Build.0 = Debug|Any CPU
		{FC9E3527-2DC1-4360-A55B-E42315BF46CE}.Debug|ARM.ActiveCfg = Debug|Any CPU
		{FC9E3527-2DC1-4360-A55B-E42315BF46CE}.Debug|ARM.Build.0 = Debug|Any CPU
		{FC9E3527-2DC1-4360-A55B-E42315BF46CE}.Debug|ARM64.ActiveCfg = Debug|Any CPU
		{FC9E3527-2DC1-4360-A55B-E42315BF46CE}.Debug|ARM64.Build.0 = Debug|Any CPU
		{FC9E3527-2DC1-4360-A55B-E42315BF46CE}.Debug|x64.ActiveCfg = Debug|Any CPU
		{FC9E3527-2DC1-4360-A55B-E42315BF46CE}.Debug|x64.Build.0 = Debug|Any CPU
		{FC9E3527-2DC1-4360-A55B-E42315BF46CE}.Debug|x86.ActiveCfg = Debug|Any CPU
		{FC9E3527-2DC1-4360-A55B-E42315BF46CE}.Debug|x86.Build.0 = Debug|Any CPU
		{FC9E3527-2DC1-4360-A55B-E42315BF46CE}.Release|Any CPU.ActiveCfg = Release|Any CPU
		{FC9E3527-2DC1-4360-A55B-E42315BF46CE}.Release|Any CPU.Build.0 = Release|Any CPU
		{FC9E3527-2DC1-4360-A55B-E42315BF46CE}.Release|ARM.ActiveCfg = Release|Any CPU
		{FC9E3527-2DC1-4360-A55B-E42315BF46CE}.Release|ARM.Build.0 = Release|Any CPU
		{FC9E3527-2DC1-4360-A55B-E42315BF46CE}.Release|ARM64.ActiveCfg = Release|Any CPU
		{FC9E3527-2DC1-4360-A55B-E42315BF46CE}.Release|ARM64.Build.0 = Release|Any CPU
		{FC9E3527-2DC1-4360-A55B-E42315BF46CE}.Release|x64.ActiveCfg = Release|Any CPU
		{FC9E3527-2DC1-4360-A55B-E42315BF46CE}.Release|x64.Build.0 = Release|Any CPU
		{FC9E3527-2DC1-4360-A55B-E42315BF46CE}.Release|x86.ActiveCfg = Release|Any CPU
		{FC9E3527-2DC1-4360-A55B-E42315BF46CE}.Release|x86.Build.0 = Release|Any CPU
		{A523A82F-9C69-46D8-BDAF-EBF2C002CBF0}.Debug|Any CPU.ActiveCfg = Debug|Any CPU
		{A523A82F-9C69-46D8-BDAF-EBF2C002CBF0}.Debug|Any CPU.Build.0 = Debug|Any CPU
		{A523A82F-9C69-46D8-BDAF-EBF2C002CBF0}.Debug|ARM.ActiveCfg = Debug|Any CPU
		{A523A82F-9C69-46D8-BDAF-EBF2C002CBF0}.Debug|ARM.Build.0 = Debug|Any CPU
		{A523A82F-9C69-46D8-BDAF-EBF2C002CBF0}.Debug|ARM64.ActiveCfg = Debug|Any CPU
		{A523A82F-9C69-46D8-BDAF-EBF2C002CBF0}.Debug|ARM64.Build.0 = Debug|Any CPU
		{A523A82F-9C69-46D8-BDAF-EBF2C002CBF0}.Debug|x64.ActiveCfg = Debug|Any CPU
		{A523A82F-9C69-46D8-BDAF-EBF2C002CBF0}.Debug|x64.Build.0 = Debug|Any CPU
		{A523A82F-9C69-46D8-BDAF-EBF2C002CBF0}.Debug|x86.ActiveCfg = Debug|Any CPU
		{A523A82F-9C69-46D8-BDAF-EBF2C002CBF0}.Debug|x86.Build.0 = Debug|Any CPU
		{A523A82F-9C69-46D8-BDAF-EBF2C002CBF0}.Release|Any CPU.ActiveCfg = Release|Any CPU
		{A523A82F-9C69-46D8-BDAF-EBF2C002CBF0}.Release|Any CPU.Build.0 = Release|Any CPU
		{A523A82F-9C69-46D8-BDAF-EBF2C002CBF0}.Release|ARM.ActiveCfg = Release|Any CPU
		{A523A82F-9C69-46D8-BDAF-EBF2C002CBF0}.Release|ARM.Build.0 = Release|Any CPU
		{A523A82F-9C69-46D8-BDAF-EBF2C002CBF0}.Release|ARM64.ActiveCfg = Release|Any CPU
		{A523A82F-9C69-46D8-BDAF-EBF2C002CBF0}.Release|ARM64.Build.0 = Release|Any CPU
		{A523A82F-9C69-46D8-BDAF-EBF2C002CBF0}.Release|x64.ActiveCfg = Release|Any CPU
		{A523A82F-9C69-46D8-BDAF-EBF2C002CBF0}.Release|x64.Build.0 = Release|Any CPU
		{A523A82F-9C69-46D8-BDAF-EBF2C002CBF0}.Release|x86.ActiveCfg = Release|Any CPU
		{A523A82F-9C69-46D8-BDAF-EBF2C002CBF0}.Release|x86.Build.0 = Release|Any CPU
	EndGlobalSection
	GlobalSection(SolutionProperties) = preSolution
		HideSolutionNode = FALSE
	EndGlobalSection
	GlobalSection(ExtensibilityGlobals) = postSolution
		SolutionGuid = {40B75CF1-BCE0-4F57-B6FB-DA4CF0DC63A0}
	EndGlobalSection
EndGlobal
